
Microsoft Visual Studio Solution File, Format Version 12.00
# Visual Studio Version 16
VisualStudioVersion = 16.0.29411.108
MinimumVisualStudioVersion = 10.0.40219.1
Project("{FAE04EC0-301F-11D3-BF4B-00C04F79EFBC}") = "PC to Arduino (form)", "PC to Arduino (form)\PC to Arduino (form).csproj", "{C949F2C4-F02C-4B64-AB9F-192CD6E9C6FB}"
EndProject
Global
	GlobalSection(SolutionConfigurationPlatforms) = preSolution
		Debug|Any CPU = Debug|Any CPU
		Release|Any CPU = Release|Any CPU
	EndGlobalSection
	GlobalSection(ProjectConfigurationPlatforms) = postSolution
		{C949F2C4-F02C-4B64-AB9F-192CD6E9C6FB}.Debug|Any CPU.ActiveCfg = Debug|Any CPU
		{C949F2C4-F02C-4B64-AB9F-192CD6E9C6FB}.Debug|Any CPU.Build.0 = Debug|Any CPU
		{C949F2C4-F02C-4B64-AB9F-192CD6E9C6FB}.Release|Any CPU.ActiveCfg = Release|Any CPU
		{C949F2C4-F02C-4B64-AB9F-192CD6E9C6FB}.Release|Any CPU.Build.0 = Release|Any CPU
	EndGlobalSection
	GlobalSection(SolutionProperties) = preSolution
		HideSolutionNode = FALSE
	EndGlobalSection
	GlobalSection(ExtensibilityGlobals) = postSolution
		SolutionGuid = {30C531D9-DB96-4BE3-BA8C-CCD895C5FF72}
	EndGlobalSection
EndGlobal
